
Microsoft Visual Studio Solution File, Format Version 12.00
# Visual Studio Version 17
VisualStudioVersion = 17.3.32929.385
MinimumVisualStudioVersion = 10.0.40219.1
Project("{9A19103F-16F7-4668-BE54-9A1E7A4F7556}") = "ConsoleApp1", "ConsoleApp1\ConsoleApp1.csproj", "{37E4E12A-C645-469F-A589-16C75914F097}"
EndProject
Project("{FAE04EC0-301F-11D3-BF4B-00C04F79EFBC}") = "TestProject1", "TestProject1\TestProject1.csproj", "{8FA45147-D4D4-42F7-804C-FF2E108890DE}"
EndProject
Global
	GlobalSection(SolutionConfigurationPlatforms) = preSolution
		Debug|Any CPU = Debug|Any CPU
		Release|Any CPU = Release|Any CPU
	EndGlobalSection
	GlobalSection(ProjectConfigurationPlatforms) = postSolution
		{37E4E12A-C645-469F-A589-16C75914F097}.Debug|Any CPU.ActiveCfg = Debug|Any CPU
		{37E4E12A-C645-469F-A589-16C75914F097}.Debug|Any CPU.Build.0 = Debug|Any CPU
		{37E4E12A-C645-469F-A589-16C75914F097}.Release|Any CPU.ActiveCfg = Release|Any CPU
		{37E4E12A-C645-469F-A589-16C75914F097}.Release|Any CPU.Build.0 = Release|Any CPU
		{8FA45147-D4D4-42F7-804C-FF2E108890DE}.Debug|Any CPU.ActiveCfg = Debug|Any CPU
		{8FA45147-D4D4-42F7-804C-FF2E108890DE}.Debug|Any CPU.Build.0 = Debug|Any CPU
		{8FA45147-D4D4-42F7-804C-FF2E108890DE}.Release|Any CPU.ActiveCfg = Release|Any CPU
		{8FA45147-D4D4-42F7-804C-FF2E108890DE}.Release|Any CPU.Build.0 = Release|Any CPU
	EndGlobalSection
	GlobalSection(SolutionProperties) = preSolution
		HideSolutionNode = FALSE
	EndGlobalSection
	GlobalSection(ExtensibilityGlobals) = postSolution
		SolutionGuid = {C61D220E-4C98-493F-93CA-6C55E5BC05D0}
	EndGlobalSection
EndGlobal
